
Microsoft Visual Studio Solution File, Format Version 12.00
# Visual Studio 15
VisualStudioVersion = 15.0.27703.2026
MinimumVisualStudioVersion = 10.0.40219.1
Project("{FAE04EC0-301F-11D3-BF4B-00C04F79EFBC}") = "Dragablz.net45", "Dragablz\Dragablz.net45.csproj", "{7B11011C-7FD7-4AB0-A1AD-04E940B026DE}"
	ProjectSection(ProjectDependencies) = postProject
		{B127C87D-C212-40D1-895E-3B6341E81C21} = {B127C87D-C212-40D1-895E-3B6341E81C21}
	EndProjectSection
EndProject
Project("{FAE04EC0-301F-11D3-BF4B-00C04F79EFBC}") = "DragablzDemo.net45", "DragablzDemo\DragablzDemo.net45.csproj", "{63F4A11F-3B6A-43D3-B5A2-B9B9C74D6023}"
EndProject
Project("{FAE04EC0-301F-11D3-BF4B-00C04F79EFBC}") = "Dragablz.Test", "Dragablz.Test\Dragablz.Test.csproj", "{BA0DAD50-C09F-4ED6-92D3-185CB5A39225}"
EndProject
Project("{FAE04EC0-301F-11D3-BF4B-00C04F79EFBC}") = "Dragablz.net40", "Dragablz\Dragablz.net40.csproj", "{886AD9DE-BCED-4A99-8376-5177B376C0AC}"
EndProject
Project("{FAE04EC0-301F-11D3-BF4B-00C04F79EFBC}") = "DragablzDemo.net40", "DragablzDemo\DragablzDemo.net40.csproj", "{B127C87D-C212-40D1-895E-3B6341E81C21}"
EndProject
Project("{FAE04EC0-301F-11D3-BF4B-00C04F79EFBC}") = "DragablzSaveDemo", "DragablzSaveDemo\DragablzSaveDemo.csproj", "{6709408B-A312-4CA3-B687-0FD22B5BFCF8}"
EndProject
Global
	GlobalSection(SolutionConfigurationPlatforms) = preSolution
		Debug|Any CPU = Debug|Any CPU
		Debug|Mixed Platforms = Debug|Mixed Platforms
		Debug|x86 = Debug|x86
		Release|Any CPU = Release|Any CPU
		Release|Mixed Platforms = Release|Mixed Platforms
		Release|x86 = Release|x86
	EndGlobalSection
	GlobalSection(ProjectConfigurationPlatforms) = postSolution
		{7B11011C-7FD7-4AB0-A1AD-04E940B026DE}.Debug|Any CPU.ActiveCfg = Debug|Any CPU
		{7B11011C-7FD7-4AB0-A1AD-04E940B026DE}.Debug|Any CPU.Build.0 = Debug|Any CPU
		{7B11011C-7FD7-4AB0-A1AD-04E940B026DE}.Debug|Mixed Platforms.ActiveCfg = Debug|Any CPU
		{7B11011C-7FD7-4AB0-A1AD-04E940B026DE}.Debug|Mixed Platforms.Build.0 = Debug|Any CPU
		{7B11011C-7FD7-4AB0-A1AD-04E940B026DE}.Debug|x86.ActiveCfg = Debug|Any CPU
		{7B11011C-7FD7-4AB0-A1AD-04E940B026DE}.Release|Any CPU.ActiveCfg = Release|Any CPU
		{7B11011C-7FD7-4AB0-A1AD-04E940B026DE}.Release|Any CPU.Build.0 = Release|Any CPU
		{7B11011C-7FD7-4AB0-A1AD-04E940B026DE}.Release|Mixed Platforms.ActiveCfg = Release|Any CPU
		{7B11011C-7FD7-4AB0-A1AD-04E940B026DE}.Release|Mixed Platforms.Build.0 = Release|Any CPU
		{7B11011C-7FD7-4AB0-A1AD-04E940B026DE}.Release|x86.ActiveCfg = Release|Any CPU
		{63F4A11F-3B6A-43D3-B5A2-B9B9C74D6023}.Debug|Any CPU.ActiveCfg = Debug|x86
		{63F4A11F-3B6A-43D3-B5A2-B9B9C74D6023}.Debug|Mixed Platforms.ActiveCfg = Debug|x86
		{63F4A11F-3B6A-43D3-B5A2-B9B9C74D6023}.Debug|Mixed Platforms.Build.0 = Debug|x86
		{63F4A11F-3B6A-43D3-B5A2-B9B9C74D6023}.Debug|x86.ActiveCfg = Debug|x86
		{63F4A11F-3B6A-43D3-B5A2-B9B9C74D6023}.Debug|x86.Build.0 = Debug|x86
		{63F4A11F-3B6A-43D3-B5A2-B9B9C74D6023}.Release|Any CPU.ActiveCfg = Release|x86
		{63F4A11F-3B6A-43D3-B5A2-B9B9C74D6023}.Release|Mixed Platforms.ActiveCfg = Release|x86
		{63F4A11F-3B6A-43D3-B5A2-B9B9C74D6023}.Release|Mixed Platforms.Build.0 = Release|x86
		{63F4A11F-3B6A-43D3-B5A2-B9B9C74D6023}.Release|x86.ActiveCfg = Release|x86
		{63F4A11F-3B6A-43D3-B5A2-B9B9C74D6023}.Release|x86.Build.0 = Release|x86
		{BA0DAD50-C09F-4ED6-92D3-185CB5A39225}.Debug|Any CPU.ActiveCfg = Debug|Any CPU
		{BA0DAD50-C09F-4ED6-92D3-185CB5A39225}.Debug|Any CPU.Build.0 = Debug|Any CPU
		{BA0DAD50-C09F-4ED6-92D3-185CB5A39225}.Debug|Mixed Platforms.ActiveCfg = Debug|Any CPU
		{BA0DAD50-C09F-4ED6-92D3-185CB5A39225}.Debug|Mixed Platforms.Build.0 = Debug|Any CPU
		{BA0DAD50-C09F-4ED6-92D3-185CB5A39225}.Debug|x86.ActiveCfg = Debug|Any CPU
		{BA0DAD50-C09F-4ED6-92D3-185CB5A39225}.Release|Any CPU.ActiveCfg = Release|Any CPU
		{BA0DAD50-C09F-4ED6-92D3-185CB5A39225}.Release|Any CPU.Build.0 = Release|Any CPU
		{BA0DAD50-C09F-4ED6-92D3-185CB5A39225}.Release|Mixed Platforms.ActiveCfg = Release|Any CPU
		{BA0DAD50-C09F-4ED6-92D3-185CB5A39225}.Release|Mixed Platforms.Build.0 = Release|Any CPU
		{BA0DAD50-C09F-4ED6-92D3-185CB5A39225}.Release|x86.ActiveCfg = Release|Any CPU
		{886AD9DE-BCED-4A99-8376-5177B376C0AC}.Debug|Any CPU.ActiveCfg = Debug|Any CPU
		{886AD9DE-BCED-4A99-8376-5177B376C0AC}.Debug|Any CPU.Build.0 = Debug|Any CPU
		{886AD9DE-BCED-4A99-8376-5177B376C0AC}.Debug|Mixed Platforms.ActiveCfg = Debug|Any CPU
		{886AD9DE-BCED-4A99-8376-5177B376C0AC}.Debug|Mixed Platforms.Build.0 = Debug|Any CPU
		{886AD9DE-BCED-4A99-8376-5177B376C0AC}.Debug|x86.ActiveCfg = Debug|Any CPU
		{886AD9DE-BCED-4A99-8376-5177B376C0AC}.Release|Any CPU.ActiveCfg = Release|Any CPU
		{886AD9DE-BCED-4A99-8376-5177B376C0AC}.Release|Any CPU.Build.0 = Release|Any CPU
		{886AD9DE-BCED-4A99-8376-5177B376C0AC}.Release|Mixed Platforms.ActiveCfg = Release|Any CPU
		{886AD9DE-BCED-4A99-8376-5177B376C0AC}.Release|Mixed Platforms.Build.0 = Release|Any CPU
		{886AD9DE-BCED-4A99-8376-5177B376C0AC}.Release|x86.ActiveCfg = Release|Any CPU
		{B127C87D-C212-40D1-895E-3B6341E81C21}.Debug|Any CPU.ActiveCfg = Debug|Any CPU
		{B127C87D-C212-40D1-895E-3B6341E81C21}.Debug|Any CPU.Build.0 = Debug|Any CPU
		{B127C87D-C212-40D1-895E-3B6341E81C21}.Debug|Mixed Platforms.ActiveCfg = Debug|Any CPU
		{B127C87D-C212-40D1-895E-3B6341E81C21}.Debug|Mixed Platforms.Build.0 = Debug|Any CPU
		{B127C87D-C212-40D1-895E-3B6341E81C21}.Debug|x86.ActiveCfg = Debug|Any CPU
		{B127C87D-C212-40D1-895E-3B6341E81C21}.Release|Any CPU.ActiveCfg = Release|Any CPU
		{B127C87D-C212-40D1-895E-3B6341E81C21}.Release|Any CPU.Build.0 = Release|Any CPU
		{B127C87D-C212-40D1-895E-3B6341E81C21}.Release|Mixed Platforms.ActiveCfg = Release|Any CPU
		{B127C87D-C212-40D1-895E-3B6341E81C21}.Release|Mixed Platforms.Build.0 = Release|Any CPU
		{B127C87D-C212-40D1-895E-3B6341E81C21}.Release|x86.ActiveCfg = Release|Any CPU
		{6709408B-A312-4CA3-B687-0FD22B5BFCF8}.Debug|Any CPU.ActiveCfg = Debug|Any CPU
		{6709408B-A312-4CA3-B687-0FD22B5BFCF8}.Debug|Any CPU.Build.0 = Debug|Any CPU
		{6709408B-A312-4CA3-B687-0FD22B5BFCF8}.Debug|Mixed Platforms.ActiveCfg = Debug|Any CPU
		{6709408B-A312-4CA3-B687-0FD22B5BFCF8}.Debug|Mixed Platforms.Build.0 = Debug|Any CPU
		{6709408B-A312-4CA3-B687-0FD22B5BFCF8}.Debug|x86.ActiveCfg = Debug|Any CPU
		{6709408B-A312-4CA3-B687-0FD22B5BFCF8}.Debug|x86.Build.0 = Debug|Any CPU
		{6709408B-A312-4CA3-B687-0FD22B5BFCF8}.Release|Any CPU.ActiveCfg = Release|Any CPU
		{6709408B-A312-4CA3-B687-0FD22B5BFCF8}.Release|Any CPU.Build.0 = Release|Any CPU
		{6709408B-A312-4CA3-B687-0FD22B5BFCF8}.Release|Mixed Platforms.ActiveCfg = Release|Any CPU
		{6709408B-A312-4CA3-B687-0FD22B5BFCF8}.Release|Mixed Platforms.Build.0 = Release|Any CPU
		{6709408B-A312-4CA3-B687-0FD22B5BFCF8}.Release|x86.ActiveCfg = Release|Any CPU
		{6709408B-A312-4CA3-B687-0FD22B5BFCF8}.Release|x86.Build.0 = Release|Any CPU
	EndGlobalSection
	GlobalSection(SolutionProperties) = preSolution
		HideSolutionNode = FALSE
	EndGlobalSection
	GlobalSection(ExtensibilityGlobals) = postSolution
		SolutionGuid = {14740FC0-D2AE-4AD5-A428-D00E52009FFD}
	EndGlobalSection
EndGlobal
